
Microsoft Visual Studio Solution File, Format Version 12.00
# Visual Studio Version 17
VisualStudioVersion = 17.7.34221.43
MinimumVisualStudioVersion = 10.0.40219.1
Project("{FAE04EC0-301F-11D3-BF4B-00C04F79EFBC}") = "TelefonRehberi", "TelefonRehberi.csproj", "{131C837C-9349-4526-B7C9-F81B3845F0A7}"
EndProject
Global
	GlobalSection(SolutionConfigurationPlatforms) = preSolution
		Debug|Any CPU = Debug|Any CPU
		Release|Any CPU = Release|Any CPU
	EndGlobalSection
	GlobalSection(ProjectConfigurationPlatforms) = postSolution
		{131C837C-9349-4526-B7C9-F81B3845F0A7}.Debug|Any CPU.ActiveCfg = Debug|Any CPU
		{131C837C-9349-4526-B7C9-F81B3845F0A7}.Debug|Any CPU.Build.0 = Debug|Any CPU
		{131C837C-9349-4526-B7C9-F81B3845F0A7}.Release|Any CPU.ActiveCfg = Release|Any CPU
		{131C837C-9349-4526-B7C9-F81B3845F0A7}.Release|Any CPU.Build.0 = Release|Any CPU
	EndGlobalSection
	GlobalSection(SolutionProperties) = preSolution
		HideSolutionNode = FALSE
	EndGlobalSection
	GlobalSection(ExtensibilityGlobals) = postSolution
		SolutionGuid = {201B2A6A-3555-46F1-8010-6B42E03D3F81}
	EndGlobalSection
EndGlobal
